
Microsoft Visual Studio Solution File, Format Version 12.00
# Visual Studio 15
VisualStudioVersion = 15.0.28307.852
MinimumVisualStudioVersion = 10.0.40219.1
Project("{9A19103F-16F7-4668-BE54-9A1E7A4F7556}") = "SalesWebMvc", "SalesWebMVC\SalesWebMvc.csproj", "{AE87CE7D-4B7A-424B-9478-5764634ABBF5}"
EndProject
Global
	GlobalSection(SolutionConfigurationPlatforms) = preSolution
		Debug|Any CPU = Debug|Any CPU
		Release|Any CPU = Release|Any CPU
	EndGlobalSection
	GlobalSection(ProjectConfigurationPlatforms) = postSolution
		{AE87CE7D-4B7A-424B-9478-5764634ABBF5}.Debug|Any CPU.ActiveCfg = Debug|Any CPU
		{AE87CE7D-4B7A-424B-9478-5764634ABBF5}.Debug|Any CPU.Build.0 = Debug|Any CPU
		{AE87CE7D-4B7A-424B-9478-5764634ABBF5}.Release|Any CPU.ActiveCfg = Release|Any CPU
		{AE87CE7D-4B7A-424B-9478-5764634ABBF5}.Release|Any CPU.Build.0 = Release|Any CPU
	EndGlobalSection
	GlobalSection(SolutionProperties) = preSolution
		HideSolutionNode = FALSE
	EndGlobalSection
	GlobalSection(ExtensibilityGlobals) = postSolution
		SolutionGuid = {E0CA2BE6-6EC0-4E6A-8594-28F3982260EF}
	EndGlobalSection
EndGlobal
